
Microsoft Visual Studio Solution File, Format Version 12.00
# Visual Studio Version 16
VisualStudioVersion = 16.0.29613.14
MinimumVisualStudioVersion = 10.0.40219.1
Project("{FAE04EC0-301F-11D3-BF4B-00C04F79EFBC}") = "ADO.NetSQL", "ADO.NetSQL.csproj", "{C448EDC8-AC3E-4EB8-8B30-11558ED2C59F}"
EndProject
Global
	GlobalSection(SolutionConfigurationPlatforms) = preSolution
		Debug|Any CPU = Debug|Any CPU
		Release|Any CPU = Release|Any CPU
	EndGlobalSection
	GlobalSection(ProjectConfigurationPlatforms) = postSolution
		{C448EDC8-AC3E-4EB8-8B30-11558ED2C59F}.Debug|Any CPU.ActiveCfg = Debug|Any CPU
		{C448EDC8-AC3E-4EB8-8B30-11558ED2C59F}.Debug|Any CPU.Build.0 = Debug|Any CPU
		{C448EDC8-AC3E-4EB8-8B30-11558ED2C59F}.Release|Any CPU.ActiveCfg = Release|Any CPU
		{C448EDC8-AC3E-4EB8-8B30-11558ED2C59F}.Release|Any CPU.Build.0 = Release|Any CPU
	EndGlobalSection
	GlobalSection(SolutionProperties) = preSolution
		HideSolutionNode = FALSE
	EndGlobalSection
	GlobalSection(ExtensibilityGlobals) = postSolution
		SolutionGuid = {5677F08A-6320-4466-88E9-006A61ECDA01}
	EndGlobalSection
EndGlobal
